{"is_source_file": false, "format": "", "description": "", "external_files": [], "external_methods": [], "published": [], "classes": [], "methods": [], "calls": [], "search-terms": [], "state": 2, "file_id": 9, "knowledge_revision": 16, "git_revision": "660791c9c62010d520a37cafc07e2bf270c0859d", "hash": "e9b4c3b42cef0193b7fddb548d37e652", "format-version": 4, "code-base-name": "default", "filename": "noteease/post_process_status.lock", "revision_history": [{"16": "660791c9c62010d520a37cafc07e2bf270c0859d"}]}